
Microsoft Visual Studio Solution File, Format Version 12.00
# Visual Studio 15
Project("{FAE04EC0-301F-11D3-BF4B-00C04F79EFBC}") = "Assembly-CSharp", "Assembly-CSharp.csproj", "{6CDD63FF-D37B-1929-AA11-B65C33A4CFC3}"
EndProject
Project("{FAE04EC0-301F-11D3-BF4B-00C04F79EFBC}") = "Assembly-CSharp-Editor", "Assembly-CSharp-Editor.csproj", "{A1FDE11A-31C9-D225-7751-9209ED9454AB}"
EndProject
Global
	GlobalSection(SolutionConfigurationPlatforms) = preSolution
		Debug|Any CPU = Debug|Any CPU
		Release|Any CPU = Release|Any CPU
	EndGlobalSection
	GlobalSection(ProjectConfigurationPlatforms) = postSolution
		{6CDD63FF-D37B-1929-AA11-B65C33A4CFC3}.Debug|Any CPU.ActiveCfg = Debug|Any CPU
		{6CDD63FF-D37B-1929-AA11-B65C33A4CFC3}.Debug|Any CPU.Build.0 = Debug|Any CPU
		{6CDD63FF-D37B-1929-AA11-B65C33A4CFC3}.Release|Any CPU.ActiveCfg = Release|Any CPU
		{6CDD63FF-D37B-1929-AA11-B65C33A4CFC3}.Release|Any CPU.Build.0 = Release|Any CPU
		{A1FDE11A-31C9-D225-7751-9209ED9454AB}.Debug|Any CPU.ActiveCfg = Debug|Any CPU
		{A1FDE11A-31C9-D225-7751-9209ED9454AB}.Debug|Any CPU.Build.0 = Debug|Any CPU
		{A1FDE11A-31C9-D225-7751-9209ED9454AB}.Release|Any CPU.ActiveCfg = Release|Any CPU
		{A1FDE11A-31C9-D225-7751-9209ED9454AB}.Release|Any CPU.Build.0 = Release|Any CPU
	EndGlobalSection
	GlobalSection(SolutionProperties) = preSolution
		HideSolutionNode = FALSE
	EndGlobalSection
EndGlobal
